
Microsoft Visual Studio Solution File, Format Version 12.00
# Visual Studio Version 17
VisualStudioVersion = 17.10.35004.147
MinimumVisualStudioVersion = 10.0.40219.1
Project("{9A19103F-16F7-4668-BE54-9A1E7A4F7556}") = "BE", "BE\BE.csproj", "{03B60A17-7CDB-483A-9F5E-F27AE7E39744}"
EndProject
Project("{FAE04EC0-301F-11D3-BF4B-00C04F79EFBC}") = "API", "API\API.csproj", "{BB82141A-2292-489D-9BE6-7187DF8A49FC}"
EndProject
Project("{FAE04EC0-301F-11D3-BF4B-00C04F79EFBC}") = "ImagesHost", "ImagesHost\ImagesHost.csproj", "{4EB54FF8-7D35-4370-8BC2-610C7F08FB8C}"
EndProject
Global
	GlobalSection(SolutionConfigurationPlatforms) = preSolution
		Debug|Any CPU = Debug|Any CPU
		Release|Any CPU = Release|Any CPU
	EndGlobalSection
	GlobalSection(ProjectConfigurationPlatforms) = postSolution
		{03B60A17-7CDB-483A-9F5E-F27AE7E39744}.Debug|Any CPU.ActiveCfg = Debug|Any CPU
		{03B60A17-7CDB-483A-9F5E-F27AE7E39744}.Debug|Any CPU.Build.0 = Debug|Any CPU
		{03B60A17-7CDB-483A-9F5E-F27AE7E39744}.Release|Any CPU.ActiveCfg = Release|Any CPU
		{03B60A17-7CDB-483A-9F5E-F27AE7E39744}.Release|Any CPU.Build.0 = Release|Any CPU
		{BB82141A-2292-489D-9BE6-7187DF8A49FC}.Debug|Any CPU.ActiveCfg = Debug|Any CPU
		{BB82141A-2292-489D-9BE6-7187DF8A49FC}.Debug|Any CPU.Build.0 = Debug|Any CPU
		{BB82141A-2292-489D-9BE6-7187DF8A49FC}.Release|Any CPU.ActiveCfg = Release|Any CPU
		{BB82141A-2292-489D-9BE6-7187DF8A49FC}.Release|Any CPU.Build.0 = Release|Any CPU
		{4EB54FF8-7D35-4370-8BC2-610C7F08FB8C}.Debug|Any CPU.ActiveCfg = Debug|Any CPU
		{4EB54FF8-7D35-4370-8BC2-610C7F08FB8C}.Debug|Any CPU.Build.0 = Debug|Any CPU
		{4EB54FF8-7D35-4370-8BC2-610C7F08FB8C}.Release|Any CPU.ActiveCfg = Release|Any CPU
		{4EB54FF8-7D35-4370-8BC2-610C7F08FB8C}.Release|Any CPU.Build.0 = Release|Any CPU
	EndGlobalSection
	GlobalSection(SolutionProperties) = preSolution
		HideSolutionNode = FALSE
	EndGlobalSection
	GlobalSection(ExtensibilityGlobals) = postSolution
		SolutionGuid = {1B7E359F-91B3-4BF9-BB04-1842DD8EFA35}
	EndGlobalSection
EndGlobal
